
Microsoft Visual Studio Solution File, Format Version 12.00
# Visual Studio Version 17
VisualStudioVersion = 17.4.33103.184
MinimumVisualStudioVersion = 10.0.40219.1
Project("{FAE04EC0-301F-11D3-BF4B-00C04F79EFBC}") = "Product", "Product\Product.csproj", "{EDDAB1BD-4DAB-4550-852F-67CC64BF6172}"
EndProject
Global
	GlobalSection(SolutionConfigurationPlatforms) = preSolution
		Debug|Any CPU = Debug|Any CPU
		Release|Any CPU = Release|Any CPU
	EndGlobalSection
	GlobalSection(ProjectConfigurationPlatforms) = postSolution
		{EDDAB1BD-4DAB-4550-852F-67CC64BF6172}.Debug|Any CPU.ActiveCfg = Debug|Any CPU
		{EDDAB1BD-4DAB-4550-852F-67CC64BF6172}.Debug|Any CPU.Build.0 = Debug|Any CPU
		{EDDAB1BD-4DAB-4550-852F-67CC64BF6172}.Release|Any CPU.ActiveCfg = Release|Any CPU
		{EDDAB1BD-4DAB-4550-852F-67CC64BF6172}.Release|Any CPU.Build.0 = Release|Any CPU
	EndGlobalSection
	GlobalSection(SolutionProperties) = preSolution
		HideSolutionNode = FALSE
	EndGlobalSection
	GlobalSection(ExtensibilityGlobals) = postSolution
		SolutionGuid = {759C4429-08E9-4C23-95FF-34B075C2E977}
	EndGlobalSection
EndGlobal
