
Microsoft Visual Studio Solution File, Format Version 12.00
# Visual Studio Version 17
VisualStudioVersion = 17.4.33103.184
MinimumVisualStudioVersion = 10.0.40219.1
Project("{FAE04EC0-301F-11D3-BF4B-00C04F79EFBC}") = "Customlist", "Customlist\Customlist.csproj", "{A213885E-63C4-4658-842C-43F386781020}"
EndProject
Global
	GlobalSection(SolutionConfigurationPlatforms) = preSolution
		Debug|Any CPU = Debug|Any CPU
		Release|Any CPU = Release|Any CPU
	EndGlobalSection
	GlobalSection(ProjectConfigurationPlatforms) = postSolution
		{A213885E-63C4-4658-842C-43F386781020}.Debug|Any CPU.ActiveCfg = Debug|Any CPU
		{A213885E-63C4-4658-842C-43F386781020}.Debug|Any CPU.Build.0 = Debug|Any CPU
		{A213885E-63C4-4658-842C-43F386781020}.Release|Any CPU.ActiveCfg = Release|Any CPU
		{A213885E-63C4-4658-842C-43F386781020}.Release|Any CPU.Build.0 = Release|Any CPU
	EndGlobalSection
	GlobalSection(SolutionProperties) = preSolution
		HideSolutionNode = FALSE
	EndGlobalSection
	GlobalSection(ExtensibilityGlobals) = postSolution
		SolutionGuid = {EEB8AF41-BF22-4B7F-9611-11F95A9C87FB}
	EndGlobalSection
EndGlobal
